
Microsoft Visual Studio Solution File, Format Version 12.00
# Visual Studio Version 17
VisualStudioVersion = 17.5.002.0
MinimumVisualStudioVersion = 10.0.40219.1
Project("{9A19103F-16F7-4668-BE54-9A1E7A4F7556}") = "17.12.24.10-23", "17.12.24.10-23.csproj", "{FF579A11-65BF-42C0-A43A-0EB722DCB2F6}"
EndProject
Global
	GlobalSection(SolutionConfigurationPlatforms) = preSolution
		Debug|Any CPU = Debug|Any CPU
		Release|Any CPU = Release|Any CPU
	EndGlobalSection
	GlobalSection(ProjectConfigurationPlatforms) = postSolution
		{FF579A11-65BF-42C0-A43A-0EB722DCB2F6}.Debug|Any CPU.ActiveCfg = Debug|Any CPU
		{FF579A11-65BF-42C0-A43A-0EB722DCB2F6}.Debug|Any CPU.Build.0 = Debug|Any CPU
		{FF579A11-65BF-42C0-A43A-0EB722DCB2F6}.Release|Any CPU.ActiveCfg = Release|Any CPU
		{FF579A11-65BF-42C0-A43A-0EB722DCB2F6}.Release|Any CPU.Build.0 = Release|Any CPU
	EndGlobalSection
	GlobalSection(SolutionProperties) = preSolution
		HideSolutionNode = FALSE
	EndGlobalSection
	GlobalSection(ExtensibilityGlobals) = postSolution
		SolutionGuid = {5555AD5E-8C8D-4BC2-9246-AD4B3F6CBE0A}
	EndGlobalSection
EndGlobal
