Microsoft Visual Studio Solution File, Format Version 12.00
# Visual Studio Version 17
VisualStudioVersion = 17.5.2.0
MinimumVisualStudioVersion = 10.0.40219.1
Project("{FAE04EC0-301F-11D3-BF4B-00C04F79EFBC}") = "08.02.25", "08.02.25.csproj", "{92093C28-62D4-92B3-3AA6-1E15B7CFF5AA}"
EndProject
Global
	GlobalSection(SolutionConfigurationPlatforms) = preSolution
		Debug|Any CPU = Debug|Any CPU
		Release|Any CPU = Release|Any CPU
	EndGlobalSection
	GlobalSection(ProjectConfigurationPlatforms) = postSolution
		{92093C28-62D4-92B3-3AA6-1E15B7CFF5AA}.Debug|Any CPU.ActiveCfg = Debug|Any CPU
		{92093C28-62D4-92B3-3AA6-1E15B7CFF5AA}.Debug|Any CPU.Build.0 = Debug|Any CPU
		{92093C28-62D4-92B3-3AA6-1E15B7CFF5AA}.Release|Any CPU.ActiveCfg = Release|Any CPU
		{92093C28-62D4-92B3-3AA6-1E15B7CFF5AA}.Release|Any CPU.Build.0 = Release|Any CPU
	EndGlobalSection
	GlobalSection(SolutionProperties) = preSolution
		HideSolutionNode = FALSE
	EndGlobalSection
	GlobalSection(ExtensibilityGlobals) = postSolution
		SolutionGuid = {60E6F99E-F4AF-4C80-9A49-7F3CDF3B3EC9}
	EndGlobalSection
EndGlobal
