Microsoft Visual Studio Solution File, Format Version 12.00
# Visual Studio Version 17
VisualStudioVersion = 17.5.2.0
MinimumVisualStudioVersion = 10.0.40219.1
Project("{FAE04EC0-301F-11D3-BF4B-00C04F79EFBC}") = "12.02.25", "12.02.25.csproj", "{A3906103-A512-C564-C8BC-76750AA827E4}"
EndProject
Global
	GlobalSection(SolutionConfigurationPlatforms) = preSolution
		Debug|Any CPU = Debug|Any CPU
		Release|Any CPU = Release|Any CPU
	EndGlobalSection
	GlobalSection(ProjectConfigurationPlatforms) = postSolution
		{A3906103-A512-C564-C8BC-76750AA827E4}.Debug|Any CPU.ActiveCfg = Debug|Any CPU
		{A3906103-A512-C564-C8BC-76750AA827E4}.Debug|Any CPU.Build.0 = Debug|Any CPU
		{A3906103-A512-C564-C8BC-76750AA827E4}.Release|Any CPU.ActiveCfg = Release|Any CPU
		{A3906103-A512-C564-C8BC-76750AA827E4}.Release|Any CPU.Build.0 = Release|Any CPU
	EndGlobalSection
	GlobalSection(SolutionProperties) = preSolution
		HideSolutionNode = FALSE
	EndGlobalSection
	GlobalSection(ExtensibilityGlobals) = postSolution
		SolutionGuid = {74A5F3E7-A287-48F2-873D-31527E5F67A0}
	EndGlobalSection
EndGlobal
