
Microsoft Visual Studio Solution File, Format Version 12.00
# Visual Studio Version 17
VisualStudioVersion = 17.5.002.0
MinimumVisualStudioVersion = 10.0.40219.1
Project("{9A19103F-16F7-4668-BE54-9A1E7A4F7556}") = "09.01.25", "09.01.25.csproj", "{DB23D690-7B85-4766-A6E9-2A76ED7BE368}"
EndProject
Global
	GlobalSection(SolutionConfigurationPlatforms) = preSolution
		Debug|Any CPU = Debug|Any CPU
		Release|Any CPU = Release|Any CPU
	EndGlobalSection
	GlobalSection(ProjectConfigurationPlatforms) = postSolution
		{DB23D690-7B85-4766-A6E9-2A76ED7BE368}.Debug|Any CPU.ActiveCfg = Debug|Any CPU
		{DB23D690-7B85-4766-A6E9-2A76ED7BE368}.Debug|Any CPU.Build.0 = Debug|Any CPU
		{DB23D690-7B85-4766-A6E9-2A76ED7BE368}.Release|Any CPU.ActiveCfg = Release|Any CPU
		{DB23D690-7B85-4766-A6E9-2A76ED7BE368}.Release|Any CPU.Build.0 = Release|Any CPU
	EndGlobalSection
	GlobalSection(SolutionProperties) = preSolution
		HideSolutionNode = FALSE
	EndGlobalSection
	GlobalSection(ExtensibilityGlobals) = postSolution
		SolutionGuid = {D85D11EA-91D6-44DE-8A6C-B05EB529C034}
	EndGlobalSection
EndGlobal
