Microsoft Visual Studio Solution File, Format Version 12.00
# Visual Studio Version 17
VisualStudioVersion = 17.5.2.0
MinimumVisualStudioVersion = 10.0.40219.1
Project("{FAE04EC0-301F-11D3-BF4B-00C04F79EFBC}") = "15.02.25.11-31", "15.02.25.11-31.csproj", "{09F35414-BD73-58A4-40F7-BEAD8BB2959C}"
EndProject
Global
	GlobalSection(SolutionConfigurationPlatforms) = preSolution
		Debug|Any CPU = Debug|Any CPU
		Release|Any CPU = Release|Any CPU
	EndGlobalSection
	GlobalSection(ProjectConfigurationPlatforms) = postSolution
		{09F35414-BD73-58A4-40F7-BEAD8BB2959C}.Debug|Any CPU.ActiveCfg = Debug|Any CPU
		{09F35414-BD73-58A4-40F7-BEAD8BB2959C}.Debug|Any CPU.Build.0 = Debug|Any CPU
		{09F35414-BD73-58A4-40F7-BEAD8BB2959C}.Release|Any CPU.ActiveCfg = Release|Any CPU
		{09F35414-BD73-58A4-40F7-BEAD8BB2959C}.Release|Any CPU.Build.0 = Release|Any CPU
	EndGlobalSection
	GlobalSection(SolutionProperties) = preSolution
		HideSolutionNode = FALSE
	EndGlobalSection
	GlobalSection(ExtensibilityGlobals) = postSolution
		SolutionGuid = {F3988D8B-D255-4BA0-86F2-B72E0CE1E2C5}
	EndGlobalSection
EndGlobal
