
Microsoft Visual Studio Solution File, Format Version 12.00
# Visual Studio Version 17
VisualStudioVersion = 17.5.002.0
MinimumVisualStudioVersion = 10.0.40219.1
Project("{9A19103F-16F7-4668-BE54-9A1E7A4F7556}") = "12.12.24.13-58", "12.12.24.13-58.csproj", "{4ED374A4-0ADE-4B0E-9510-347419567808}"
EndProject
Global
	GlobalSection(SolutionConfigurationPlatforms) = preSolution
		Debug|Any CPU = Debug|Any CPU
		Release|Any CPU = Release|Any CPU
	EndGlobalSection
	GlobalSection(ProjectConfigurationPlatforms) = postSolution
		{4ED374A4-0ADE-4B0E-9510-347419567808}.Debug|Any CPU.ActiveCfg = Debug|Any CPU
		{4ED374A4-0ADE-4B0E-9510-347419567808}.Debug|Any CPU.Build.0 = Debug|Any CPU
		{4ED374A4-0ADE-4B0E-9510-347419567808}.Release|Any CPU.ActiveCfg = Release|Any CPU
		{4ED374A4-0ADE-4B0E-9510-347419567808}.Release|Any CPU.Build.0 = Release|Any CPU
	EndGlobalSection
	GlobalSection(SolutionProperties) = preSolution
		HideSolutionNode = FALSE
	EndGlobalSection
	GlobalSection(ExtensibilityGlobals) = postSolution
		SolutionGuid = {19E7620A-17FC-4F05-AB19-E0389773FF4C}
	EndGlobalSection
EndGlobal
