
Microsoft Visual Studio Solution File, Format Version 12.00
# Visual Studio Version 17
VisualStudioVersion = 17.5.002.0
MinimumVisualStudioVersion = 10.0.40219.1
Project("{9A19103F-16F7-4668-BE54-9A1E7A4F7556}") = "13.01.25.20.08", "13.01.25.20.08.csproj", "{4AED6322-A84C-49BA-BE44-F0FBF6434844}"
EndProject
Global
	GlobalSection(SolutionConfigurationPlatforms) = preSolution
		Debug|Any CPU = Debug|Any CPU
		Release|Any CPU = Release|Any CPU
	EndGlobalSection
	GlobalSection(ProjectConfigurationPlatforms) = postSolution
		{4AED6322-A84C-49BA-BE44-F0FBF6434844}.Debug|Any CPU.ActiveCfg = Debug|Any CPU
		{4AED6322-A84C-49BA-BE44-F0FBF6434844}.Debug|Any CPU.Build.0 = Debug|Any CPU
		{4AED6322-A84C-49BA-BE44-F0FBF6434844}.Release|Any CPU.ActiveCfg = Release|Any CPU
		{4AED6322-A84C-49BA-BE44-F0FBF6434844}.Release|Any CPU.Build.0 = Release|Any CPU
	EndGlobalSection
	GlobalSection(SolutionProperties) = preSolution
		HideSolutionNode = FALSE
	EndGlobalSection
	GlobalSection(ExtensibilityGlobals) = postSolution
		SolutionGuid = {A06F11AB-5B34-4CB6-9C43-5DA5926A17E3}
	EndGlobalSection
EndGlobal
