
Microsoft Visual Studio Solution File, Format Version 12.00
# Visual Studio Version 17
VisualStudioVersion = 17.5.002.0
MinimumVisualStudioVersion = 10.0.40219.1
Project("{9A19103F-16F7-4668-BE54-9A1E7A4F7556}") = "13.12.24", "13.12.24.csproj", "{7E93C1AA-0C26-477E-AA2F-ED4128F3DCE6}"
EndProject
Global
	GlobalSection(SolutionConfigurationPlatforms) = preSolution
		Debug|Any CPU = Debug|Any CPU
		Release|Any CPU = Release|Any CPU
	EndGlobalSection
	GlobalSection(ProjectConfigurationPlatforms) = postSolution
		{7E93C1AA-0C26-477E-AA2F-ED4128F3DCE6}.Debug|Any CPU.ActiveCfg = Debug|Any CPU
		{7E93C1AA-0C26-477E-AA2F-ED4128F3DCE6}.Debug|Any CPU.Build.0 = Debug|Any CPU
		{7E93C1AA-0C26-477E-AA2F-ED4128F3DCE6}.Release|Any CPU.ActiveCfg = Release|Any CPU
		{7E93C1AA-0C26-477E-AA2F-ED4128F3DCE6}.Release|Any CPU.Build.0 = Release|Any CPU
	EndGlobalSection
	GlobalSection(SolutionProperties) = preSolution
		HideSolutionNode = FALSE
	EndGlobalSection
	GlobalSection(ExtensibilityGlobals) = postSolution
		SolutionGuid = {E8F7B3FC-A4E9-445E-ACF3-F096535DFEA7}
	EndGlobalSection
EndGlobal
