
Microsoft Visual Studio Solution File, Format Version 12.00
# Visual Studio Version 17
VisualStudioVersion = 17.5.002.0
MinimumVisualStudioVersion = 10.0.40219.1
Project("{9A19103F-16F7-4668-BE54-9A1E7A4F7556}") = "08.12.24.18-09", "08.12.24.18-09.csproj", "{46B4E7EF-8D66-4AFE-B510-87CB87B56F3F}"
EndProject
Global
	GlobalSection(SolutionConfigurationPlatforms) = preSolution
		Debug|Any CPU = Debug|Any CPU
		Release|Any CPU = Release|Any CPU
	EndGlobalSection
	GlobalSection(ProjectConfigurationPlatforms) = postSolution
		{46B4E7EF-8D66-4AFE-B510-87CB87B56F3F}.Debug|Any CPU.ActiveCfg = Debug|Any CPU
		{46B4E7EF-8D66-4AFE-B510-87CB87B56F3F}.Debug|Any CPU.Build.0 = Debug|Any CPU
		{46B4E7EF-8D66-4AFE-B510-87CB87B56F3F}.Release|Any CPU.ActiveCfg = Release|Any CPU
		{46B4E7EF-8D66-4AFE-B510-87CB87B56F3F}.Release|Any CPU.Build.0 = Release|Any CPU
	EndGlobalSection
	GlobalSection(SolutionProperties) = preSolution
		HideSolutionNode = FALSE
	EndGlobalSection
	GlobalSection(ExtensibilityGlobals) = postSolution
		SolutionGuid = {1F93AED3-25BD-4C90-AA19-7BCA98143D2B}
	EndGlobalSection
EndGlobal
