
Microsoft Visual Studio Solution File, Format Version 12.00
# Visual Studio Version 17
VisualStudioVersion = 17.5.002.0
MinimumVisualStudioVersion = 10.0.40219.1
Project("{9A19103F-16F7-4668-BE54-9A1E7A4F7556}") = "08.12.24", "08.12.24.csproj", "{4A9F3A8F-63B9-40BB-9DBD-7FC9D6271841}"
EndProject
Global
	GlobalSection(SolutionConfigurationPlatforms) = preSolution
		Debug|Any CPU = Debug|Any CPU
		Release|Any CPU = Release|Any CPU
	EndGlobalSection
	GlobalSection(ProjectConfigurationPlatforms) = postSolution
		{4A9F3A8F-63B9-40BB-9DBD-7FC9D6271841}.Debug|Any CPU.ActiveCfg = Debug|Any CPU
		{4A9F3A8F-63B9-40BB-9DBD-7FC9D6271841}.Debug|Any CPU.Build.0 = Debug|Any CPU
		{4A9F3A8F-63B9-40BB-9DBD-7FC9D6271841}.Release|Any CPU.ActiveCfg = Release|Any CPU
		{4A9F3A8F-63B9-40BB-9DBD-7FC9D6271841}.Release|Any CPU.Build.0 = Release|Any CPU
	EndGlobalSection
	GlobalSection(SolutionProperties) = preSolution
		HideSolutionNode = FALSE
	EndGlobalSection
	GlobalSection(ExtensibilityGlobals) = postSolution
		SolutionGuid = {1D7C916D-604B-4B9A-8C92-906AC3040AEC}
	EndGlobalSection
EndGlobal
