
Microsoft Visual Studio Solution File, Format Version 12.00
# Visual Studio Version 17
VisualStudioVersion = 17.5.002.0
MinimumVisualStudioVersion = 10.0.40219.1
Project("{9A19103F-16F7-4668-BE54-9A1E7A4F7556}") = "03.01.25", "03.01.25.csproj", "{5BA6D4C7-ACE1-4572-9A81-569ED2932BCA}"
EndProject
Global
	GlobalSection(SolutionConfigurationPlatforms) = preSolution
		Debug|Any CPU = Debug|Any CPU
		Release|Any CPU = Release|Any CPU
	EndGlobalSection
	GlobalSection(ProjectConfigurationPlatforms) = postSolution
		{5BA6D4C7-ACE1-4572-9A81-569ED2932BCA}.Debug|Any CPU.ActiveCfg = Debug|Any CPU
		{5BA6D4C7-ACE1-4572-9A81-569ED2932BCA}.Debug|Any CPU.Build.0 = Debug|Any CPU
		{5BA6D4C7-ACE1-4572-9A81-569ED2932BCA}.Release|Any CPU.ActiveCfg = Release|Any CPU
		{5BA6D4C7-ACE1-4572-9A81-569ED2932BCA}.Release|Any CPU.Build.0 = Release|Any CPU
	EndGlobalSection
	GlobalSection(SolutionProperties) = preSolution
		HideSolutionNode = FALSE
	EndGlobalSection
	GlobalSection(ExtensibilityGlobals) = postSolution
		SolutionGuid = {FD600962-6B07-4DC9-938A-A2AD3FD18A70}
	EndGlobalSection
EndGlobal
