Microsoft Visual Studio Solution File, Format Version 12.00
# Visual Studio Version 17
VisualStudioVersion = 17.5.2.0
MinimumVisualStudioVersion = 10.0.40219.1
Project("{FAE04EC0-301F-11D3-BF4B-00C04F79EFBC}") = "14.02.25.19.35", "14.02.25.19.35.csproj", "{D3B9FD38-6480-96EF-D61B-7FB6B1D9A400}"
EndProject
Global
	GlobalSection(SolutionConfigurationPlatforms) = preSolution
		Debug|Any CPU = Debug|Any CPU
		Release|Any CPU = Release|Any CPU
	EndGlobalSection
	GlobalSection(ProjectConfigurationPlatforms) = postSolution
		{D3B9FD38-6480-96EF-D61B-7FB6B1D9A400}.Debug|Any CPU.ActiveCfg = Debug|Any CPU
		{D3B9FD38-6480-96EF-D61B-7FB6B1D9A400}.Debug|Any CPU.Build.0 = Debug|Any CPU
		{D3B9FD38-6480-96EF-D61B-7FB6B1D9A400}.Release|Any CPU.ActiveCfg = Release|Any CPU
		{D3B9FD38-6480-96EF-D61B-7FB6B1D9A400}.Release|Any CPU.Build.0 = Release|Any CPU
	EndGlobalSection
	GlobalSection(SolutionProperties) = preSolution
		HideSolutionNode = FALSE
	EndGlobalSection
	GlobalSection(ExtensibilityGlobals) = postSolution
		SolutionGuid = {2AF51F31-6485-4341-897B-B36EC4E221E4}
	EndGlobalSection
EndGlobal
