Microsoft Visual Studio Solution File, Format Version 12.00
# Visual Studio Version 17
VisualStudioVersion = 17.5.2.0
MinimumVisualStudioVersion = 10.0.40219.1
Project("{FAE04EC0-301F-11D3-BF4B-00C04F79EFBC}") = "04.02.25", "04.02.25.csproj", "{A0A75613-8C82-8388-9256-75ED42BD7422}"
EndProject
Global
	GlobalSection(SolutionConfigurationPlatforms) = preSolution
		Debug|Any CPU = Debug|Any CPU
		Release|Any CPU = Release|Any CPU
	EndGlobalSection
	GlobalSection(ProjectConfigurationPlatforms) = postSolution
		{A0A75613-8C82-8388-9256-75ED42BD7422}.Debug|Any CPU.ActiveCfg = Debug|Any CPU
		{A0A75613-8C82-8388-9256-75ED42BD7422}.Debug|Any CPU.Build.0 = Debug|Any CPU
		{A0A75613-8C82-8388-9256-75ED42BD7422}.Release|Any CPU.ActiveCfg = Release|Any CPU
		{A0A75613-8C82-8388-9256-75ED42BD7422}.Release|Any CPU.Build.0 = Release|Any CPU
	EndGlobalSection
	GlobalSection(SolutionProperties) = preSolution
		HideSolutionNode = FALSE
	EndGlobalSection
	GlobalSection(ExtensibilityGlobals) = postSolution
		SolutionGuid = {378D0AF6-992B-4406-B7E5-EAEBACCBEB4E}
	EndGlobalSection
EndGlobal
